
Microsoft Visual Studio Solution File, Format Version 12.00
# Visual Studio 15
VisualStudioVersion = 15.0.27703.2047
MinimumVisualStudioVersion = 10.0.40219.1
Project("{9A19103F-16F7-4668-BE54-9A1E7A4F7556}") = "LighthouseUiCore", "LighthouseUiCore.csproj", "{14BA81CB-6843-4711-AF88-380721B2F7C3}"
EndProject
Global
	GlobalSection(SolutionConfigurationPlatforms) = preSolution
		Debug|Any CPU = Debug|Any CPU
		Release|Any CPU = Release|Any CPU
	EndGlobalSection
	GlobalSection(ProjectConfigurationPlatforms) = postSolution
		{14BA81CB-6843-4711-AF88-380721B2F7C3}.Debug|Any CPU.ActiveCfg = Debug|Any CPU
		{14BA81CB-6843-4711-AF88-380721B2F7C3}.Debug|Any CPU.Build.0 = Debug|Any CPU
		{14BA81CB-6843-4711-AF88-380721B2F7C3}.Release|Any CPU.ActiveCfg = Release|Any CPU
		{14BA81CB-6843-4711-AF88-380721B2F7C3}.Release|Any CPU.Build.0 = Release|Any CPU
	EndGlobalSection
	GlobalSection(SolutionProperties) = preSolution
		HideSolutionNode = FALSE
	EndGlobalSection
	GlobalSection(ExtensibilityGlobals) = postSolution
		SolutionGuid = {3E7DB1AB-8C69-4299-84F2-325FBC209F13}
	EndGlobalSection
EndGlobal
